// !$*UTF8*$!
{
	archiveVersion = 1;
	classes = {
	};
	objectVersion = 46;
	objects = {

/* Begin PBXBuildFile section */
		469E0FCB18E3F91F0093573F /* NSString+JSMessagesView.m in Sources */ = {isa = PBXBuildFile; fileRef = 469E0F7518E3F91F0093573F /* NSString+JSMessagesView.m */; };
		469E0FCC18E3F91F0093573F /* UIColor+JSMessagesView.m in Sources */ = {isa = PBXBuildFile; fileRef = 469E0F7718E3F91F0093573F /* UIColor+JSMessagesView.m */; };
		469E0FCD18E3F91F0093573F /* UIImage+JSMessagesView.m in Sources */ = {isa = PBXBuildFile; fileRef = 469E0F7918E3F91F0093573F /* UIImage+JSMessagesView.m */; };
		469E0FCE18E3F91F0093573F /* JSAvatarImageFactory.m in Sources */ = {isa = PBXBuildFile; fileRef = 469E0F7C18E3F91F0093573F /* JSAvatarImageFactory.m */; };
		469E0FCF18E3F91F0093573F /* JSBubbleImageViewFactory.m in Sources */ = {isa = PBXBuildFile; fileRef = 469E0F7E18E3F91F0093573F /* JSBubbleImageViewFactory.m */; };
		469E0FD018E3F91F0093573F /* JSBubbleMessageCell.m in Sources */ = {isa = PBXBuildFile; fileRef = 469E0F8018E3F91F0093573F /* JSBubbleMessageCell.m */; };
		469E0FD118E3F91F0093573F /* JSBubbleView.m in Sources */ = {isa = PBXBuildFile; fileRef = 469E0F8218E3F91F0093573F /* JSBubbleView.m */; };
		469E0FD218E3F91F0093573F /* JSDismissiveTextView.m in Sources */ = {isa = PBXBuildFile; fileRef = 469E0F8418E3F91F0093573F /* JSDismissiveTextView.m */; };
		469E0FD318E3F91F0093573F /* JSMessage.m in Sources */ = {isa = PBXBuildFile; fileRef = 469E0F8618E3F91F0093573F /* JSMessage.m */; };
		469E0FD418E3F91F0093573F /* JSMessageInputView.m in Sources */ = {isa = PBXBuildFile; fileRef = 469E0F8918E3F91F0093573F /* JSMessageInputView.m */; };
		469E0FD518E3F91F0093573F /* JSMessageSoundEffect.m in Sources */ = {isa = PBXBuildFile; fileRef = 469E0F8B18E3F91F0093573F /* JSMessageSoundEffect.m */; };
		469E0FD618E3F91F0093573F /* JSMessagesViewController.m in Sources */ = {isa = PBXBuildFile; fileRef = 469E0F8D18E3F91F0093573F /* JSMessagesViewController.m */; };
		469E0FD718E3F91F0093573F /* JSMessageTableView.m in Sources */ = {isa = PBXBuildFile; fileRef = 469E0F8F18E3F91F0093573F /* JSMessageTableView.m */; };
		469E0FD818E3F91F0093573F /* JSMessageTextView.m in Sources */ = {isa = PBXBuildFile; fileRef = 469E0F9118E3F91F0093573F /* JSMessageTextView.m */; };
		469E0FD918E3F91F0093573F /* avatar-placeholder.png in Resources */ = {isa = PBXBuildFile; fileRef = 469E0F9518E3F91F0093573F /* avatar-placeholder.png */; };
		469E0FDA18E3F91F0093573F /* avatar-placeholder@2x.png in Resources */ = {isa = PBXBuildFile; fileRef = 469E0F9618E3F91F0093573F /* avatar-placeholder@2x.png */; };
		469E0FDB18E3F91F0093573F /* bubble-classic-blue.png in Resources */ = {isa = PBXBuildFile; fileRef = 469E0F9818E3F91F0093573F /* bubble-classic-blue.png */; };
		469E0FDC18E3F91F0093573F /* bubble-classic-blue@2x.png in Resources */ = {isa = PBXBuildFile; fileRef = 469E0F9918E3F91F0093573F /* bubble-classic-blue@2x.png */; };
		469E0FDD18E3F91F0093573F /* bubble-classic-gray.png in Resources */ = {isa = PBXBuildFile; fileRef = 469E0F9A18E3F91F0093573F /* bubble-classic-gray.png */; };
		469E0FDE18E3F91F0093573F /* bubble-classic-gray@2x.png in Resources */ = {isa = PBXBuildFile; fileRef = 469E0F9B18E3F91F0093573F /* bubble-classic-gray@2x.png */; };
		469E0FDF18E3F91F0093573F /* bubble-classic-green.png in Resources */ = {isa = PBXBuildFile; fileRef = 469E0F9C18E3F91F0093573F /* bubble-classic-green.png */; };
		469E0FE018E3F91F0093573F /* bubble-classic-green@2x.png in Resources */ = {isa = PBXBuildFile; fileRef = 469E0F9D18E3F91F0093573F /* bubble-classic-green@2x.png */; };
		469E0FE118E3F91F0093573F /* bubble-classic-selected.png in Resources */ = {isa = PBXBuildFile; fileRef = 469E0F9E18E3F91F0093573F /* bubble-classic-selected.png */; };
		469E0FE218E3F91F0093573F /* bubble-classic-selected@2x.png in Resources */ = {isa = PBXBuildFile; fileRef = 469E0F9F18E3F91F0093573F /* bubble-classic-selected@2x.png */; };
		469E0FE318E3F91F0093573F /* bubble-classic-typing.png in Resources */ = {isa = PBXBuildFile; fileRef = 469E0FA018E3F91F0093573F /* bubble-classic-typing.png */; };
		469E0FE418E3F91F0093573F /* bubble-classic-typing@2x.png in Resources */ = {isa = PBXBuildFile; fileRef = 469E0FA118E3F91F0093573F /* bubble-classic-typing@2x.png */; };
		469E0FE518E3F91F0093573F /* bubble-classic-square-blue.png in Resources */ = {isa = PBXBuildFile; fileRef = 469E0FA318E3F91F0093573F /* bubble-classic-square-blue.png */; };
		469E0FE618E3F91F0093573F /* bubble-classic-square-blue@2x.png in Resources */ = {isa = PBXBuildFile; fileRef = 469E0FA418E3F91F0093573F /* bubble-classic-square-blue@2x.png */; };
		469E0FE718E3F91F0093573F /* bubble-classic-square-gray.png in Resources */ = {isa = PBXBuildFile; fileRef = 469E0FA518E3F91F0093573F /* bubble-classic-square-gray.png */; };
		469E0FE818E3F91F0093573F /* bubble-classic-square-gray@2x.png in Resources */ = {isa = PBXBuildFile; fileRef = 469E0FA618E3F91F0093573F /* bubble-classic-square-gray@2x.png */; };
		469E0FE918E3F91F0093573F /* bubble-classic-square-selected.png in Resources */ = {isa = PBXBuildFile; fileRef = 469E0FA718E3F91F0093573F /* bubble-classic-square-selected.png */; };
		469E0FEA18E3F91F0093573F /* bubble-classic-square-selected@2x.png in Resources */ = {isa = PBXBuildFile; fileRef = 469E0FA818E3F91F0093573F /* bubble-classic-square-selected@2x.png */; };
		469E0FEB18E3F91F0093573F /* ReceiverTextNodeBkg@2x.png in Resources */ = {isa = PBXBuildFile; fileRef = 469E0FA918E3F91F0093573F /* ReceiverTextNodeBkg@2x.png */; };
		469E0FEC18E3F91F0093573F /* ReceiverTextNodeBkgHL@2x.png in Resources */ = {isa = PBXBuildFile; fileRef = 469E0FAA18E3F91F0093573F /* ReceiverTextNodeBkgHL@2x.png */; };
		469E0FED18E3F91F0093573F /* SenderTextNodeBkg@2x.png in Resources */ = {isa = PBXBuildFile; fileRef = 469E0FAB18E3F91F0093573F /* SenderTextNodeBkg@2x.png */; };
		469E0FEE18E3F91F0093573F /* SenderTextNodeBkgHL@2x.png in Resources */ = {isa = PBXBuildFile; fileRef = 469E0FAC18E3F91F0093573F /* SenderTextNodeBkgHL@2x.png */; };
		469E0FEF18E3F91F0093573F /* bubble-min-tailless.png in Resources */ = {isa = PBXBuildFile; fileRef = 469E0FAE18E3F91F0093573F /* bubble-min-tailless.png */; };
		469E0FF018E3F91F0093573F /* bubble-min-tailless@2x.png in Resources */ = {isa = PBXBuildFile; fileRef = 469E0FAF18E3F91F0093573F /* bubble-min-tailless@2x.png */; };
		469E0FF118E3F91F0093573F /* bubble-min.png in Resources */ = {isa = PBXBuildFile; fileRef = 469E0FB018E3F91F0093573F /* bubble-min.png */; };
		469E0FF218E3F91F0093573F /* bubble-min@2x.png in Resources */ = {isa = PBXBuildFile; fileRef = 469E0FB118E3F91F0093573F /* bubble-min@2x.png */; };
		469E0FF318E3F91F0093573F /* bubble-stroked-tailless.png in Resources */ = {isa = PBXBuildFile; fileRef = 469E0FB218E3F91F0093573F /* bubble-stroked-tailless.png */; };
		469E0FF418E3F91F0093573F /* bubble-stroked-tailless@2x.png in Resources */ = {isa = PBXBuildFile; fileRef = 469E0FB318E3F91F0093573F /* bubble-stroked-tailless@2x.png */; };
		469E0FF518E3F91F0093573F /* bubble-stroked.png in Resources */ = {isa = PBXBuildFile; fileRef = 469E0FB418E3F91F0093573F /* bubble-stroked.png */; };
		469E0FF618E3F91F0093573F /* bubble-stroked@2x.png in Resources */ = {isa = PBXBuildFile; fileRef = 469E0FB518E3F91F0093573F /* bubble-stroked@2x.png */; };
		469E0FF718E3F91F0093573F /* bubble-tailless.png in Resources */ = {isa = PBXBuildFile; fileRef = 469E0FB618E3F91F0093573F /* bubble-tailless.png */; };
		469E0FF818E3F91F0093573F /* bubble-tailless@2x.png in Resources */ = {isa = PBXBuildFile; fileRef = 469E0FB718E3F91F0093573F /* bubble-tailless@2x.png */; };
		469E0FF918E3F91F0093573F /* bubble.png in Resources */ = {isa = PBXBuildFile; fileRef = 469E0FB818E3F91F0093573F /* bubble.png */; };
		469E0FFA18E3F91F0093573F /* bubble@2x.png in Resources */ = {isa = PBXBuildFile; fileRef = 469E0FB918E3F91F0093573F /* bubble@2x.png */; };
		469E0FFB18E3F91F0093573F /* input-bar-background.png in Resources */ = {isa = PBXBuildFile; fileRef = 469E0FBB18E3F91F0093573F /* input-bar-background.png */; };
		469E0FFC18E3F91F0093573F /* input-bar-background@2x.png in Resources */ = {isa = PBXBuildFile; fileRef = 469E0FBC18E3F91F0093573F /* input-bar-background@2x.png */; };
		469E0FFD18E3F91F0093573F /* input-field-cover.png in Resources */ = {isa = PBXBuildFile; fileRef = 469E0FBD18E3F91F0093573F /* input-field-cover.png */; };
		469E0FFE18E3F91F0093573F /* input-field-cover@2x.png in Resources */ = {isa = PBXBuildFile; fileRef = 469E0FBE18E3F91F0093573F /* input-field-cover@2x.png */; };
		469E0FFF18E3F91F0093573F /* send-button-pressed.png in Resources */ = {isa = PBXBuildFile; fileRef = 469E0FBF18E3F91F0093573F /* send-button-pressed.png */; };
		469E100018E3F91F0093573F /* send-button-pressed@2x.png in Resources */ = {isa = PBXBuildFile; fileRef = 469E0FC018E3F91F0093573F /* send-button-pressed@2x.png */; };
		469E100118E3F91F0093573F /* send-button.png in Resources */ = {isa = PBXBuildFile; fileRef = 469E0FC118E3F91F0093573F /* send-button.png */; };
		469E100218E3F91F0093573F /* send-button@2x.png in Resources */ = {isa = PBXBuildFile; fileRef = 469E0FC218E3F91F0093573F /* send-button@2x.png */; };
		469E100318E3F91F0093573F /* button-photo.png in Resources */ = {isa = PBXBuildFile; fileRef = 469E0FC418E3F91F0093573F /* button-photo.png */; };
		469E100418E3F91F0093573F /* button-photo@2x.png in Resources */ = {isa = PBXBuildFile; fileRef = 469E0FC518E3F91F0093573F /* button-photo@2x.png */; };
		469E100518E3F91F0093573F /* input-bar-flat.png in Resources */ = {isa = PBXBuildFile; fileRef = 469E0FC618E3F91F0093573F /* input-bar-flat.png */; };
		469E100618E3F91F0093573F /* input-bar-flat@2x.png in Resources */ = {isa = PBXBuildFile; fileRef = 469E0FC718E3F91F0093573F /* input-bar-flat@2x.png */; };
		469E100718E3F91F0093573F /* message-received.aiff in Resources */ = {isa = PBXBuildFile; fileRef = 469E0FC918E3F91F0093573F /* message-received.aiff */; };
		469E100818E3F91F0093573F /* message-sent.aiff in Resources */ = {isa = PBXBuildFile; fileRef = 469E0FCA18E3F91F0093573F /* message-sent.aiff */; };
		469E100B18E3F93A0093573F /* MoreCell.m in Sources */ = {isa = PBXBuildFile; fileRef = 469E100A18E3F93A0093573F /* MoreCell.m */; };
		469E100E18E3F94D0093573F /* UIView+Utils.m in Sources */ = {isa = PBXBuildFile; fileRef = 469E100D18E3F94D0093573F /* UIView+Utils.m */; };
		46EDAD6B18E06D0D00D2BCCE /* Foundation.framework in Frameworks */ = {isa = PBXBuildFile; fileRef = 46EDAD6A18E06D0D00D2BCCE /* Foundation.framework */; };
		46EDAD6D18E06D0D00D2BCCE /* CoreGraphics.framework in Frameworks */ = {isa = PBXBuildFile; fileRef = 46EDAD6C18E06D0D00D2BCCE /* CoreGraphics.framework */; };
		46EDAD6F18E06D0D00D2BCCE /* UIKit.framework in Frameworks */ = {isa = PBXBuildFile; fileRef = 46EDAD6E18E06D0D00D2BCCE /* UIKit.framework */; };
		46EDAD7518E06D0D00D2BCCE /* InfoPlist.strings in Resources */ = {isa = PBXBuildFile; fileRef = 46EDAD7318E06D0D00D2BCCE /* InfoPlist.strings */; };
		46EDAD7718E06D0D00D2BCCE /* main.m in Sources */ = {isa = PBXBuildFile; fileRef = 46EDAD7618E06D0D00D2BCCE /* main.m */; };
		46EDAD7B18E06D0D00D2BCCE /* AppDelegate.m in Sources */ = {isa = PBXBuildFile; fileRef = 46EDAD7A18E06D0D00D2BCCE /* AppDelegate.m */; };
		46EDAD7E18E06D0D00D2BCCE /* Main.storyboard in Resources */ = {isa = PBXBuildFile; fileRef = 46EDAD7C18E06D0D00D2BCCE /* Main.storyboard */; };
		46EDAD8118E06D0D00D2BCCE /* ViewController.m in Sources */ = {isa = PBXBuildFile; fileRef = 46EDAD8018E06D0D00D2BCCE /* ViewController.m */; };
		46EDAD8318E06D0D00D2BCCE /* Images.xcassets in Resources */ = {isa = PBXBuildFile; fileRef = 46EDAD8218E06D0D00D2BCCE /* Images.xcassets */; };
		46EDAD8A18E06D0D00D2BCCE /* XCTest.framework in Frameworks */ = {isa = PBXBuildFile; fileRef = 46EDAD8918E06D0D00D2BCCE /* XCTest.framework */; };
		46EDAD8B18E06D0D00D2BCCE /* Foundation.framework in Frameworks */ = {isa = PBXBuildFile; fileRef = 46EDAD6A18E06D0D00D2BCCE /* Foundation.framework */; };
		46EDAD8C18E06D0D00D2BCCE /* UIKit.framework in Frameworks */ = {isa = PBXBuildFile; fileRef = 46EDAD6E18E06D0D00D2BCCE /* UIKit.framework */; };
		46EDAD9418E06D0D00D2BCCE /* InfoPlist.strings in Resources */ = {isa = PBXBuildFile; fileRef = 46EDAD9218E06D0D00D2BCCE /* InfoPlist.strings */; };
		46EDAD9618E06D0D00D2BCCE /* chatviewTests.m in Sources */ = {isa = PBXBuildFile; fileRef = 46EDAD9518E06D0D00D2BCCE /* chatviewTests.m */; };
		46EDAE3118E06E4C00D2BCCE /* ChattingViewController.m in Sources */ = {isa = PBXBuildFile; fileRef = 46EDAE3018E06E4C00D2BCCE /* ChattingViewController.m */; };
/* End PBXBuildFile section */

/* Begin PBXContainerItemProxy section */
		46EDAD8D18E06D0D00D2BCCE /* PBXContainerItemProxy */ = {
			isa = PBXContainerItemProxy;
			containerPortal = 46EDAD5F18E06D0D00D2BCCE /* Project object */;
			proxyType = 1;
			remoteGlobalIDString = 46EDAD6618E06D0D00D2BCCE;
			remoteInfo = chatview;
		};
/* End PBXContainerItemProxy section */

/* Begin PBXFileReference section */
		469E0F7418E3F91F0093573F /* NSString+JSMessagesView.h */ = {isa = PBXFileReference; fileEncoding = 4; lastKnownFileType = sourcecode.c.h; path = "NSString+JSMessagesView.h"; sourceTree = "<group>"; };
		469E0F7518E3F91F0093573F /* NSString+JSMessagesView.m */ = {isa = PBXFileReference; fileEncoding = 4; lastKnownFileType = sourcecode.c.objc; path = "NSString+JSMessagesView.m"; sourceTree = "<group>"; };
		469E0F7618E3F91F0093573F /* UIColor+JSMessagesView.h */ = {isa = PBXFileReference; fileEncoding = 4; lastKnownFileType = sourcecode.c.h; path = "UIColor+JSMessagesView.h"; sourceTree = "<group>"; };
		469E0F7718E3F91F0093573F /* UIColor+JSMessagesView.m */ = {isa = PBXFileReference; fileEncoding = 4; lastKnownFileType = sourcecode.c.objc; path = "UIColor+JSMessagesView.m"; sourceTree = "<group>"; };
		469E0F7818E3F91F0093573F /* UIImage+JSMessagesView.h */ = {isa = PBXFileReference; fileEncoding = 4; lastKnownFileType = sourcecode.c.h; path = "UIImage+JSMessagesView.h"; sourceTree = "<group>"; };
		469E0F7918E3F91F0093573F /* UIImage+JSMessagesView.m */ = {isa = PBXFileReference; fileEncoding = 4; lastKnownFileType = sourcecode.c.objc; path = "UIImage+JSMessagesView.m"; sourceTree = "<group>"; };
		469E0F7B18E3F91F0093573F /* JSAvatarImageFactory.h */ = {isa = PBXFileReference; fileEncoding = 4; lastKnownFileType = sourcecode.c.h; path = JSAvatarImageFactory.h; sourceTree = "<group>"; };
		469E0F7C18E3F91F0093573F /* JSAvatarImageFactory.m */ = {isa = PBXFileReference; fileEncoding = 4; lastKnownFileType = sourcecode.c.objc; path = JSAvatarImageFactory.m; sourceTree = "<group>"; };
		469E0F7D18E3F91F0093573F /* JSBubbleImageViewFactory.h */ = {isa = PBXFileReference; fileEncoding = 4; lastKnownFileType = sourcecode.c.h; path = JSBubbleImageViewFactory.h; sourceTree = "<group>"; };
		469E0F7E18E3F91F0093573F /* JSBubbleImageViewFactory.m */ = {isa = PBXFileReference; fileEncoding = 4; lastKnownFileType = sourcecode.c.objc; path = JSBubbleImageViewFactory.m; sourceTree = "<group>"; };
		469E0F7F18E3F91F0093573F /* JSBubbleMessageCell.h */ = {isa = PBXFileReference; fileEncoding = 4; lastKnownFileType = sourcecode.c.h; path = JSBubbleMessageCell.h; sourceTree = "<group>"; };
		469E0F8018E3F91F0093573F /* JSBubbleMessageCell.m */ = {isa = PBXFileReference; fileEncoding = 4; lastKnownFileType = sourcecode.c.objc; path = JSBubbleMessageCell.m; sourceTree = "<group>"; };
		469E0F8118E3F91F0093573F /* JSBubbleView.h */ = {isa = PBXFileReference; fileEncoding = 4; lastKnownFileType = sourcecode.c.h; path = JSBubbleView.h; sourceTree = "<group>"; };
		469E0F8218E3F91F0093573F /* JSBubbleView.m */ = {isa = PBXFileReference; fileEncoding = 4; lastKnownFileType = sourcecode.c.objc; path = JSBubbleView.m; sourceTree = "<group>"; };
		469E0F8318E3F91F0093573F /* JSDismissiveTextView.h */ = {isa = PBXFileReference; fileEncoding = 4; lastKnownFileType = sourcecode.c.h; path = JSDismissiveTextView.h; sourceTree = "<group>"; };
		469E0F8418E3F91F0093573F /* JSDismissiveTextView.m */ = {isa = PBXFileReference; fileEncoding = 4; lastKnownFileType = sourcecode.c.objc; path = JSDismissiveTextView.m; sourceTree = "<group>"; };
		469E0F8518E3F91F0093573F /* JSMessage.h */ = {isa = PBXFileReference; fileEncoding = 4; lastKnownFileType = sourcecode.c.h; path = JSMessage.h; sourceTree = "<group>"; };
		469E0F8618E3F91F0093573F /* JSMessage.m */ = {isa = PBXFileReference; fileEncoding = 4; lastKnownFileType = sourcecode.c.objc; path = JSMessage.m; sourceTree = "<group>"; };
		469E0F8718E3F91F0093573F /* JSMessageData.h */ = {isa = PBXFileReference; fileEncoding = 4; lastKnownFileType = sourcecode.c.h; path = JSMessageData.h; sourceTree = "<group>"; };
		469E0F8818E3F91F0093573F /* JSMessageInputView.h */ = {isa = PBXFileReference; fileEncoding = 4; lastKnownFileType = sourcecode.c.h; path = JSMessageInputView.h; sourceTree = "<group>"; };
		469E0F8918E3F91F0093573F /* JSMessageInputView.m */ = {isa = PBXFileReference; fileEncoding = 4; lastKnownFileType = sourcecode.c.objc; path = JSMessageInputView.m; sourceTree = "<group>"; };
		469E0F8A18E3F91F0093573F /* JSMessageSoundEffect.h */ = {isa = PBXFileReference; fileEncoding = 4; lastKnownFileType = sourcecode.c.h; path = JSMessageSoundEffect.h; sourceTree = "<group>"; };
		469E0F8B18E3F91F0093573F /* JSMessageSoundEffect.m */ = {isa = PBXFileReference; fileEncoding = 4; lastKnownFileType = sourcecode.c.objc; path = JSMessageSoundEffect.m; sourceTree = "<group>"; };
		469E0F8C18E3F91F0093573F /* JSMessagesViewController.h */ = {isa = PBXFileReference; fileEncoding = 4; lastKnownFileType = sourcecode.c.h; path = JSMessagesViewController.h; sourceTree = "<group>"; };
		469E0F8D18E3F91F0093573F /* JSMessagesViewController.m */ = {isa = PBXFileReference; fileEncoding = 4; lastKnownFileType = sourcecode.c.objc; path = JSMessagesViewController.m; sourceTree = "<group>"; };
		469E0F8E18E3F91F0093573F /* JSMessageTableView.h */ = {isa = PBXFileReference; fileEncoding = 4; lastKnownFileType = sourcecode.c.h; path = JSMessageTableView.h; sourceTree = "<group>"; };
		469E0F8F18E3F91F0093573F /* JSMessageTableView.m */ = {isa = PBXFileReference; fileEncoding = 4; lastKnownFileType = sourcecode.c.objc; path = JSMessageTableView.m; sourceTree = "<group>"; };
		469E0F9018E3F91F0093573F /* JSMessageTextView.h */ = {isa = PBXFileReference; fileEncoding = 4; lastKnownFileType = sourcecode.c.h; path = JSMessageTextView.h; sourceTree = "<group>"; };
		469E0F9118E3F91F0093573F /* JSMessageTextView.m */ = {isa = PBXFileReference; fileEncoding = 4; lastKnownFileType = sourcecode.c.objc; path = JSMessageTextView.m; sourceTree = "<group>"; };
		469E0F9518E3F91F0093573F /* avatar-placeholder.png */ = {isa = PBXFileReference; lastKnownFileType = image.png; path = "avatar-placeholder.png"; sourceTree = "<group>"; };
		469E0F9618E3F91F0093573F /* avatar-placeholder@2x.png */ = {isa = PBXFileReference; lastKnownFileType = image.png; path = "avatar-placeholder@2x.png"; sourceTree = "<group>"; };
		469E0F9818E3F91F0093573F /* bubble-classic-blue.png */ = {isa = PBXFileReference; lastKnownFileType = image.png; path = "bubble-classic-blue.png"; sourceTree = "<group>"; };
		469E0F9918E3F91F0093573F /* bubble-classic-blue@2x.png */ = {isa = PBXFileReference; lastKnownFileType = image.png; path = "bubble-classic-blue@2x.png"; sourceTree = "<group>"; };
		469E0F9A18E3F91F0093573F /* bubble-classic-gray.png */ = {isa = PBXFileReference; lastKnownFileType = image.png; path = "bubble-classic-gray.png"; sourceTree = "<group>"; };
		469E0F9B18E3F91F0093573F /* bubble-classic-gray@2x.png */ = {isa = PBXFileReference; lastKnownFileType = image.png; path = "bubble-classic-gray@2x.png"; sourceTree = "<group>"; };
		469E0F9C18E3F91F0093573F /* bubble-classic-green.png */ = {isa = PBXFileReference; lastKnownFileType = image.png; path = "bubble-classic-green.png"; sourceTree = "<group>"; };
		469E0F9D18E3F91F0093573F /* bubble-classic-green@2x.png */ = {isa = PBXFileReference; lastKnownFileType = image.png; path = "bubble-classic-green@2x.png"; sourceTree = "<group>"; };
		469E0F9E18E3F91F0093573F /* bubble-classic-selected.png */ = {isa = PBXFileReference; lastKnownFileType = image.png; path = "bubble-classic-selected.png"; sourceTree = "<group>"; };
		469E0F9F18E3F91F0093573F /* bubble-classic-selected@2x.png */ = {isa = PBXFileReference; lastKnownFileType = image.png; path = "bubble-classic-selected@2x.png"; sourceTree = "<group>"; };
		469E0FA018E3F91F0093573F /* bubble-classic-typing.png */ = {isa = PBXFileReference; lastKnownFileType = image.png; path = "bubble-classic-typing.png"; sourceTree = "<group>"; };
		469E0FA118E3F91F0093573F /* bubble-classic-typing@2x.png */ = {isa = PBXFileReference; lastKnownFileType = image.png; path = "bubble-classic-typing@2x.png"; sourceTree = "<group>"; };
		469E0FA318E3F91F0093573F /* bubble-classic-square-blue.png */ = {isa = PBXFileReference; lastKnownFileType = image.png; path = "bubble-classic-square-blue.png"; sourceTree = "<group>"; };
		469E0FA418E3F91F0093573F /* bubble-classic-square-blue@2x.png */ = {isa = PBXFileReference; lastKnownFileType = image.png; path = "bubble-classic-square-blue@2x.png"; sourceTree = "<group>"; };
		469E0FA518E3F91F0093573F /* bubble-classic-square-gray.png */ = {isa = PBXFileReference; lastKnownFileType = image.png; path = "bubble-classic-square-gray.png"; sourceTree = "<group>"; };
		469E0FA618E3F91F0093573F /* bubble-classic-square-gray@2x.png */ = {isa = PBXFileReference; lastKnownFileType = image.png; path = "bubble-classic-square-gray@2x.png"; sourceTree = "<group>"; };
		469E0FA718E3F91F0093573F /* bubble-classic-square-selected.png */ = {isa = PBXFileReference; lastKnownFileType = image.png; path = "bubble-classic-square-selected.png"; sourceTree = "<group>"; };
		469E0FA818E3F91F0093573F /* bubble-classic-square-selected@2x.png */ = {isa = PBXFileReference; lastKnownFileType = image.png; path = "bubble-classic-square-selected@2x.png"; sourceTree = "<group>"; };
		469E0FA918E3F91F0093573F /* ReceiverTextNodeBkg@2x.png */ = {isa = PBXFileReference; lastKnownFileType = image.png; path = "ReceiverTextNodeBkg@2x.png"; sourceTree = "<group>"; };
		469E0FAA18E3F91F0093573F /* ReceiverTextNodeBkgHL@2x.png */ = {isa = PBXFileReference; lastKnownFileType = image.png; path = "ReceiverTextNodeBkgHL@2x.png"; sourceTree = "<group>"; };
		469E0FAB18E3F91F0093573F /* SenderTextNodeBkg@2x.png */ = {isa = PBXFileReference; lastKnownFileType = image.png; path = "SenderTextNodeBkg@2x.png"; sourceTree = "<group>"; };
		469E0FAC18E3F91F0093573F /* SenderTextNodeBkgHL@2x.png */ = {isa = PBXFileReference; lastKnownFileType = image.png; path = "SenderTextNodeBkgHL@2x.png"; sourceTree = "<group>"; };
		469E0FAE18E3F91F0093573F /* bubble-min-tailless.png */ = {isa = PBXFileReference; lastKnownFileType = image.png; path = "bubble-min-tailless.png"; sourceTree = "<group>"; };
		469E0FAF18E3F91F0093573F /* bubble-min-tailless@2x.png */ = {isa = PBXFileReference; lastKnownFileType = image.png; path = "bubble-min-tailless@2x.png"; sourceTree = "<group>"; };
		469E0FB018E3F91F0093573F /* bubble-min.png */ = {isa = PBXFileReference; lastKnownFileType = image.png; path = "bubble-min.png"; sourceTree = "<group>"; };
		469E0FB118E3F91F0093573F /* bubble-min@2x.png */ = {isa = PBXFileReference; lastKnownFileType = image.png; path = "bubble-min@2x.png"; sourceTree = "<group>"; };
		469E0FB218E3F91F0093573F /* bubble-stroked-tailless.png */ = {isa = PBXFileReference; lastKnownFileType = image.png; path = "bubble-stroked-tailless.png"; sourceTree = "<group>"; };
		469E0FB318E3F91F0093573F /* bubble-stroked-tailless@2x.png */ = {isa = PBXFileReference; lastKnownFileType = image.png; path = "bubble-stroked-tailless@2x.png"; sourceTree = "<group>"; };
		469E0FB418E3F91F0093573F /* bubble-stroked.png */ = {isa = PBXFileReference; lastKnownFileType = image.png; path = "bubble-stroked.png"; sourceTree = "<group>"; };
		469E0FB518E3F91F0093573F /* bubble-stroked@2x.png */ = {isa = PBXFileReference; lastKnownFileType = image.png; path = "bubble-stroked@2x.png"; sourceTree = "<group>"; };
		469E0FB618E3F91F0093573F /* bubble-tailless.png */ = {isa = PBXFileReference; lastKnownFileType = image.png; path = "bubble-tailless.png"; sourceTree = "<group>"; };
		469E0FB718E3F91F0093573F /* bubble-tailless@2x.png */ = {isa = PBXFileReference; lastKnownFileType = image.png; path = "bubble-tailless@2x.png"; sourceTree = "<group>"; };
		469E0FB818E3F91F0093573F /* bubble.png */ = {isa = PBXFileReference; lastKnownFileType = image.png; path = bubble.png; sourceTree = "<group>"; };
		469E0FB918E3F91F0093573F /* bubble@2x.png */ = {isa = PBXFileReference; lastKnownFileType = image.png; path = "bubble@2x.png"; sourceTree = "<group>"; };
		469E0FBB18E3F91F0093573F /* input-bar-background.png */ = {isa = PBXFileReference; lastKnownFileType = image.png; path = "input-bar-background.png"; sourceTree = "<group>"; };
		469E0FBC18E3F91F0093573F /* input-bar-background@2x.png */ = {isa = PBXFileReference; lastKnownFileType = image.png; path = "input-bar-background@2x.png"; sourceTree = "<group>"; };
		469E0FBD18E3F91F0093573F /* input-field-cover.png */ = {isa = PBXFileReference; lastKnownFileType = image.png; path = "input-field-cover.png"; sourceTree = "<group>"; };
		469E0FBE18E3F91F0093573F /* input-field-cover@2x.png */ = {isa = PBXFileReference; lastKnownFileType = image.png; path = "input-field-cover@2x.png"; sourceTree = "<group>"; };
		469E0FBF18E3F91F0093573F /* send-button-pressed.png */ = {isa = PBXFileReference; lastKnownFileType = image.png; path = "send-button-pressed.png"; sourceTree = "<group>"; };
		469E0FC018E3F91F0093573F /* send-button-pressed@2x.png */ = {isa = PBXFileReference; lastKnownFileType = image.png; path = "send-button-pressed@2x.png"; sourceTree = "<group>"; };
		469E0FC118E3F91F0093573F /* send-button.png */ = {isa = PBXFileReference; lastKnownFileType = image.png; path = "send-button.png"; sourceTree = "<group>"; };
		469E0FC218E3F91F0093573F /* send-button@2x.png */ = {isa = PBXFileReference; lastKnownFileType = image.png; path = "send-button@2x.png"; sourceTree = "<group>"; };
		469E0FC418E3F91F0093573F /* button-photo.png */ = {isa = PBXFileReference; lastKnownFileType = image.png; path = "button-photo.png"; sourceTree = "<group>"; };
		469E0FC518E3F91F0093573F /* button-photo@2x.png */ = {isa = PBXFileReference; lastKnownFileType = image.png; path = "button-photo@2x.png"; sourceTree = "<group>"; };
		469E0FC618E3F91F0093573F /* input-bar-flat.png */ = {isa = PBXFileReference; lastKnownFileType = image.png; path = "input-bar-flat.png"; sourceTree = "<group>"; };
		469E0FC718E3F91F0093573F /* input-bar-flat@2x.png */ = {isa = PBXFileReference; lastKnownFileType = image.png; path = "input-bar-flat@2x.png"; sourceTree = "<group>"; };
		469E0FC918E3F91F0093573F /* message-received.aiff */ = {isa = PBXFileReference; lastKnownFileType = audio.aiff; path = "message-received.aiff"; sourceTree = "<group>"; };
		469E0FCA18E3F91F0093573F /* message-sent.aiff */ = {isa = PBXFileReference; lastKnownFileType = audio.aiff; path = "message-sent.aiff"; sourceTree = "<group>"; };
		469E100918E3F93A0093573F /* MoreCell.h */ = {isa = PBXFileReference; fileEncoding = 4; lastKnownFileType = sourcecode.c.h; path = MoreCell.h; sourceTree = "<group>"; };
		469E100A18E3F93A0093573F /* MoreCell.m */ = {isa = PBXFileReference; fileEncoding = 4; lastKnownFileType = sourcecode.c.objc; path = MoreCell.m; sourceTree = "<group>"; };
		469E100C18E3F94D0093573F /* UIView+Utils.h */ = {isa = PBXFileReference; fileEncoding = 4; lastKnownFileType = sourcecode.c.h; path = "UIView+Utils.h"; sourceTree = "<group>"; };
		469E100D18E3F94D0093573F /* UIView+Utils.m */ = {isa = PBXFileReference; fileEncoding = 4; lastKnownFileType = sourcecode.c.objc; path = "UIView+Utils.m"; sourceTree = "<group>"; };
		46EDAD6718E06D0D00D2BCCE /* chatview.app */ = {isa = PBXFileReference; explicitFileType = wrapper.application; includeInIndex = 0; path = chatview.app; sourceTree = BUILT_PRODUCTS_DIR; };
		46EDAD6A18E06D0D00D2BCCE /* Foundation.framework */ = {isa = PBXFileReference; lastKnownFileType = wrapper.framework; name = Foundation.framework; path = System/Library/Frameworks/Foundation.framework; sourceTree = SDKROOT; };
		46EDAD6C18E06D0D00D2BCCE /* CoreGraphics.framework */ = {isa = PBXFileReference; lastKnownFileType = wrapper.framework; name = CoreGraphics.framework; path = System/Library/Frameworks/CoreGraphics.framework; sourceTree = SDKROOT; };
		46EDAD6E18E06D0D00D2BCCE /* UIKit.framework */ = {isa = PBXFileReference; lastKnownFileType = wrapper.framework; name = UIKit.framework; path = System/Library/Frameworks/UIKit.framework; sourceTree = SDKROOT; };
		46EDAD7218E06D0D00D2BCCE /* chatview-Info.plist */ = {isa = PBXFileReference; lastKnownFileType = text.plist.xml; path = "chatview-Info.plist"; sourceTree = "<group>"; };
		46EDAD7418E06D0D00D2BCCE /* en */ = {isa = PBXFileReference; lastKnownFileType = text.plist.strings; name = en; path = en.lproj/InfoPlist.strings; sourceTree = "<group>"; };
		46EDAD7618E06D0D00D2BCCE /* main.m */ = {isa = PBXFileReference; lastKnownFileType = sourcecode.c.objc; path = main.m; sourceTree = "<group>"; };
		46EDAD7818E06D0D00D2BCCE /* chatview-Prefix.pch */ = {isa = PBXFileReference; lastKnownFileType = sourcecode.c.h; path = "chatview-Prefix.pch"; sourceTree = "<group>"; };
		46EDAD7918E06D0D00D2BCCE /* AppDelegate.h */ = {isa = PBXFileReference; lastKnownFileType = sourcecode.c.h; path = AppDelegate.h; sourceTree = "<group>"; };
		46EDAD7A18E06D0D00D2BCCE /* AppDelegate.m */ = {isa = PBXFileReference; lastKnownFileType = sourcecode.c.objc; path = AppDelegate.m; sourceTree = "<group>"; };
		46EDAD7D18E06D0D00D2BCCE /* Base */ = {isa = PBXFileReference; lastKnownFileType = file.storyboard; name = Base; path = Base.lproj/Main.storyboard; sourceTree = "<group>"; };
		46EDAD7F18E06D0D00D2BCCE /* ViewController.h */ = {isa = PBXFileReference; lastKnownFileType = sourcecode.c.h; path = ViewController.h; sourceTree = "<group>"; };
		46EDAD8018E06D0D00D2BCCE /* ViewController.m */ = {isa = PBXFileReference; lastKnownFileType = sourcecode.c.objc; path = ViewController.m; sourceTree = "<group>"; };
		46EDAD8218E06D0D00D2BCCE /* Images.xcassets */ = {isa = PBXFileReference; lastKnownFileType = folder.assetcatalog; path = Images.xcassets; sourceTree = "<group>"; };
		46EDAD8818E06D0D00D2BCCE /* chatviewTests.xctest */ = {isa = PBXFileReference; explicitFileType = wrapper.cfbundle; includeInIndex = 0; path = chatviewTests.xctest; sourceTree = BUILT_PRODUCTS_DIR; };
		46EDAD8918E06D0D00D2BCCE /* XCTest.framework */ = {isa = PBXFileReference; lastKnownFileType = wrapper.framework; name = XCTest.framework; path = Library/Frameworks/XCTest.framework; sourceTree = DEVELOPER_DIR; };
		46EDAD9118E06D0D00D2BCCE /* chatviewTests-Info.plist */ = {isa = PBXFileReference; lastKnownFileType = text.plist.xml; path = "chatviewTests-Info.plist"; sourceTree = "<group>"; };
		46EDAD9318E06D0D00D2BCCE /* en */ = {isa = PBXFileReference; lastKnownFileType = text.plist.strings; name = en; path = en.lproj/InfoPlist.strings; sourceTree = "<group>"; };
		46EDAD9518E06D0D00D2BCCE /* chatviewTests.m */ = {isa = PBXFileReference; lastKnownFileType = sourcecode.c.objc; path = chatviewTests.m; sourceTree = "<group>"; };
		46EDAE2F18E06E4C00D2BCCE /* ChattingViewController.h */ = {isa = PBXFileReference; fileEncoding = 4; lastKnownFileType = sourcecode.c.h; path = ChattingViewController.h; sourceTree = "<group>"; };
		46EDAE3018E06E4C00D2BCCE /* ChattingViewController.m */ = {isa = PBXFileReference; fileEncoding = 4; lastKnownFileType = sourcecode.c.objc; path = ChattingViewController.m; sourceTree = "<group>"; };
/* End PBXFileReference section */

/* Begin PBXFrameworksBuildPhase section */
		46EDAD6418E06D0D00D2BCCE /* Frameworks */ = {
			isa = PBXFrameworksBuildPhase;
			buildActionMask = 2147483647;
			files = (
				46EDAD6D18E06D0D00D2BCCE /* CoreGraphics.framework in Frameworks */,
				46EDAD6F18E06D0D00D2BCCE /* UIKit.framework in Frameworks */,
				46EDAD6B18E06D0D00D2BCCE /* Foundation.framework in Frameworks */,
			);
			runOnlyForDeploymentPostprocessing = 0;
		};
		46EDAD8518E06D0D00D2BCCE /* Frameworks */ = {
			isa = PBXFrameworksBuildPhase;
			buildActionMask = 2147483647;
			files = (
				46EDAD8A18E06D0D00D2BCCE /* XCTest.framework in Frameworks */,
				46EDAD8C18E06D0D00D2BCCE /* UIKit.framework in Frameworks */,
				46EDAD8B18E06D0D00D2BCCE /* Foundation.framework in Frameworks */,
			);
			runOnlyForDeploymentPostprocessing = 0;
		};
/* End PBXFrameworksBuildPhase section */

/* Begin PBXGroup section */
		469E0F7118E3F91F0093573F /* JSMessagesViewController */ = {
			isa = PBXGroup;
			children = (
				469E0F7218E3F91F0093573F /* Classes */,
				469E0F9218E3F91F0093573F /* Resources */,
			);
			path = JSMessagesViewController;
			sourceTree = "<group>";
		};
		469E0F7218E3F91F0093573F /* Classes */ = {
			isa = PBXGroup;
			children = (
				469E0F7318E3F91F0093573F /* Categories */,
				469E0F7A18E3F91F0093573F /* Factories */,
				469E0F7F18E3F91F0093573F /* JSBubbleMessageCell.h */,
				469E0F8018E3F91F0093573F /* JSBubbleMessageCell.m */,
				469E0F8118E3F91F0093573F /* JSBubbleView.h */,
				469E0F8218E3F91F0093573F /* JSBubbleView.m */,
				469E0F8318E3F91F0093573F /* JSDismissiveTextView.h */,
				469E0F8418E3F91F0093573F /* JSDismissiveTextView.m */,
				469E0F8518E3F91F0093573F /* JSMessage.h */,
				469E0F8618E3F91F0093573F /* JSMessage.m */,
				469E0F8718E3F91F0093573F /* JSMessageData.h */,
				469E0F8818E3F91F0093573F /* JSMessageInputView.h */,
				469E0F8918E3F91F0093573F /* JSMessageInputView.m */,
				469E0F8A18E3F91F0093573F /* JSMessageSoundEffect.h */,
				469E0F8B18E3F91F0093573F /* JSMessageSoundEffect.m */,
				469E0F8C18E3F91F0093573F /* JSMessagesViewController.h */,
				469E0F8D18E3F91F0093573F /* JSMessagesViewController.m */,
				469E0F8E18E3F91F0093573F /* JSMessageTableView.h */,
				469E0F8F18E3F91F0093573F /* JSMessageTableView.m */,
				469E0F9018E3F91F0093573F /* JSMessageTextView.h */,
				469E0F9118E3F91F0093573F /* JSMessageTextView.m */,
				469E100918E3F93A0093573F /* MoreCell.h */,
				469E100A18E3F93A0093573F /* MoreCell.m */,
			);
			path = Classes;
			sourceTree = "<group>";
		};
		469E0F7318E3F91F0093573F /* Categories */ = {
			isa = PBXGroup;
			children = (
				469E100C18E3F94D0093573F /* UIView+Utils.h */,
				469E100D18E3F94D0093573F /* UIView+Utils.m */,
				469E0F7418E3F91F0093573F /* NSString+JSMessagesView.h */,
				469E0F7518E3F91F0093573F /* NSString+JSMessagesView.m */,
				469E0F7618E3F91F0093573F /* UIColor+JSMessagesView.h */,
				469E0F7718E3F91F0093573F /* UIColor+JSMessagesView.m */,
				469E0F7818E3F91F0093573F /* UIImage+JSMessagesView.h */,
				469E0F7918E3F91F0093573F /* UIImage+JSMessagesView.m */,
			);
			path = Categories;
			sourceTree = "<group>";
		};
		469E0F7A18E3F91F0093573F /* Factories */ = {
			isa = PBXGroup;
			children = (
				469E0F7B18E3F91F0093573F /* JSAvatarImageFactory.h */,
				469E0F7C18E3F91F0093573F /* JSAvatarImageFactory.m */,
				469E0F7D18E3F91F0093573F /* JSBubbleImageViewFactory.h */,
				469E0F7E18E3F91F0093573F /* JSBubbleImageViewFactory.m */,
			);
			path = Factories;
			sourceTree = "<group>";
		};
		469E0F9218E3F91F0093573F /* Resources */ = {
			isa = PBXGroup;
			children = (
				469E0F9318E3F91F0093573F /* Images */,
				469E0FC818E3F91F0093573F /* Sounds */,
			);
			path = Resources;
			sourceTree = "<group>";
		};
		469E0F9318E3F91F0093573F /* Images */ = {
			isa = PBXGroup;
			children = (
				469E0F9418E3F91F0093573F /* avatar */,
				469E0F9718E3F91F0093573F /* bubble-classic */,
				469E0FA218E3F91F0093573F /* bubble-classic-square */,
				469E0FAD18E3F91F0093573F /* bubble-flat */,
				469E0FBA18E3F91F0093573F /* input-bar-classic */,
				469E0FC318E3F91F0093573F /* input-bar-flat */,
			);
			path = Images;
			sourceTree = "<group>";
		};
		469E0F9418E3F91F0093573F /* avatar */ = {
			isa = PBXGroup;
			children = (
				469E0F9518E3F91F0093573F /* avatar-placeholder.png */,
				469E0F9618E3F91F0093573F /* avatar-placeholder@2x.png */,
			);
			path = avatar;
			sourceTree = "<group>";
		};
		469E0F9718E3F91F0093573F /* bubble-classic */ = {
			isa = PBXGroup;
			children = (
				469E0F9818E3F91F0093573F /* bubble-classic-blue.png */,
				469E0F9918E3F91F0093573F /* bubble-classic-blue@2x.png */,
				469E0F9A18E3F91F0093573F /* bubble-classic-gray.png */,
				469E0F9B18E3F91F0093573F /* bubble-classic-gray@2x.png */,
				469E0F9C18E3F91F0093573F /* bubble-classic-green.png */,
				469E0F9D18E3F91F0093573F /* bubble-classic-green@2x.png */,
				469E0F9E18E3F91F0093573F /* bubble-classic-selected.png */,
				469E0F9F18E3F91F0093573F /* bubble-classic-selected@2x.png */,
				469E0FA018E3F91F0093573F /* bubble-classic-typing.png */,
				469E0FA118E3F91F0093573F /* bubble-classic-typing@2x.png */,
			);
			path = "bubble-classic";
			sourceTree = "<group>";
		};
		469E0FA218E3F91F0093573F /* bubble-classic-square */ = {
			isa = PBXGroup;
			children = (
				469E0FA318E3F91F0093573F /* bubble-classic-square-blue.png */,
				469E0FA418E3F91F0093573F /* bubble-classic-square-blue@2x.png */,
				469E0FA518E3F91F0093573F /* bubble-classic-square-gray.png */,
				469E0FA618E3F91F0093573F /* bubble-classic-square-gray@2x.png */,
				469E0FA718E3F91F0093573F /* bubble-classic-square-selected.png */,
				469E0FA818E3F91F0093573F /* bubble-classic-square-selected@2x.png */,
				469E0FA918E3F91F0093573F /* ReceiverTextNodeBkg@2x.png */,
				469E0FAA18E3F91F0093573F /* ReceiverTextNodeBkgHL@2x.png */,
				469E0FAB18E3F91F0093573F /* SenderTextNodeBkg@2x.png */,
				469E0FAC18E3F91F0093573F /* SenderTextNodeBkgHL@2x.png */,
			);
			path = "bubble-classic-square";
			sourceTree = "<group>";
		};
		469E0FAD18E3F91F0093573F /* bubble-flat */ = {
			isa = PBXGroup;
			children = (
				469E0FAE18E3F91F0093573F /* bubble-min-tailless.png */,
				469E0FAF18E3F91F0093573F /* bubble-min-tailless@2x.png */,
				469E0FB018E3F91F0093573F /* bubble-min.png */,
				469E0FB118E3F91F0093573F /* bubble-min@2x.png */,
				469E0FB218E3F91F0093573F /* bubble-stroked-tailless.png */,
				469E0FB318E3F91F0093573F /* bubble-stroked-tailless@2x.png */,
				469E0FB418E3F91F0093573F /* bubble-stroked.png */,
				469E0FB518E3F91F0093573F /* bubble-stroked@2x.png */,
				469E0FB618E3F91F0093573F /* bubble-tailless.png */,
				469E0FB718E3F91F0093573F /* bubble-tailless@2x.png */,
				469E0FB818E3F91F0093573F /* bubble.png */,
				469E0FB918E3F91F0093573F /* bubble@2x.png */,
			);
			path = "bubble-flat";
			sourceTree = "<group>";
		};
		469E0FBA18E3F91F0093573F /* input-bar-classic */ = {
			isa = PBXGroup;
			children = (
				469E0FBB18E3F91F0093573F /* input-bar-background.png */,
				469E0FBC18E3F91F0093573F /* input-bar-background@2x.png */,
				469E0FBD18E3F91F0093573F /* input-field-cover.png */,
				469E0FBE18E3F91F0093573F /* input-field-cover@2x.png */,
				469E0FBF18E3F91F0093573F /* send-button-pressed.png */,
				469E0FC018E3F91F0093573F /* send-button-pressed@2x.png */,
				469E0FC118E3F91F0093573F /* send-button.png */,
				469E0FC218E3F91F0093573F /* send-button@2x.png */,
			);
			path = "input-bar-classic";
			sourceTree = "<group>";
		};
		469E0FC318E3F91F0093573F /* input-bar-flat */ = {
			isa = PBXGroup;
			children = (
				469E0FC418E3F91F0093573F /* button-photo.png */,
				469E0FC518E3F91F0093573F /* button-photo@2x.png */,
				469E0FC618E3F91F0093573F /* input-bar-flat.png */,
				469E0FC718E3F91F0093573F /* input-bar-flat@2x.png */,
			);
			path = "input-bar-flat";
			sourceTree = "<group>";
		};
		469E0FC818E3F91F0093573F /* Sounds */ = {
			isa = PBXGroup;
			children = (
				469E0FC918E3F91F0093573F /* message-received.aiff */,
				469E0FCA18E3F91F0093573F /* message-sent.aiff */,
			);
			path = Sounds;
			sourceTree = "<group>";
		};
		46EDAD5E18E06D0D00D2BCCE = {
			isa = PBXGroup;
			children = (
				469E0F7118E3F91F0093573F /* JSMessagesViewController */,
				46EDAD7018E06D0D00D2BCCE /* chatview */,
				46EDAD8F18E06D0D00D2BCCE /* chatviewTests */,
				46EDAD6918E06D0D00D2BCCE /* Frameworks */,
				46EDAD6818E06D0D00D2BCCE /* Products */,
			);
			sourceTree = "<group>";
		};
		46EDAD6818E06D0D00D2BCCE /* Products */ = {
			isa = PBXGroup;
			children = (
				46EDAD6718E06D0D00D2BCCE /* chatview.app */,
				46EDAD8818E06D0D00D2BCCE /* chatviewTests.xctest */,
			);
			name = Products;
			sourceTree = "<group>";
		};
		46EDAD6918E06D0D00D2BCCE /* Frameworks */ = {
			isa = PBXGroup;
			children = (
				46EDAD6A18E06D0D00D2BCCE /* Foundation.framework */,
				46EDAD6C18E06D0D00D2BCCE /* CoreGraphics.framework */,
				46EDAD6E18E06D0D00D2BCCE /* UIKit.framework */,
				46EDAD8918E06D0D00D2BCCE /* XCTest.framework */,
			);
			name = Frameworks;
			sourceTree = "<group>";
		};
		46EDAD7018E06D0D00D2BCCE /* chatview */ = {
			isa = PBXGroup;
			children = (
				46EDAD7918E06D0D00D2BCCE /* AppDelegate.h */,
				46EDAD7A18E06D0D00D2BCCE /* AppDelegate.m */,
				46EDAD7C18E06D0D00D2BCCE /* Main.storyboard */,
				46EDAD7F18E06D0D00D2BCCE /* ViewController.h */,
				46EDAD8018E06D0D00D2BCCE /* ViewController.m */,
				46EDAD8218E06D0D00D2BCCE /* Images.xcassets */,
				46EDAD7118E06D0D00D2BCCE /* Supporting Files */,
				46EDAE2F18E06E4C00D2BCCE /* ChattingViewController.h */,
				46EDAE3018E06E4C00D2BCCE /* ChattingViewController.m */,
			);
			path = chatview;
			sourceTree = "<group>";
		};
		46EDAD7118E06D0D00D2BCCE /* Supporting Files */ = {
			isa = PBXGroup;
			children = (
				46EDAD7218E06D0D00D2BCCE /* chatview-Info.plist */,
				46EDAD7318E06D0D00D2BCCE /* InfoPlist.strings */,
				46EDAD7618E06D0D00D2BCCE /* main.m */,
				46EDAD7818E06D0D00D2BCCE /* chatview-Prefix.pch */,
			);
			name = "Supporting Files";
			sourceTree = "<group>";
		};
		46EDAD8F18E06D0D00D2BCCE /* chatviewTests */ = {
			isa = PBXGroup;
			children = (
				46EDAD9518E06D0D00D2BCCE /* chatviewTests.m */,
				46EDAD9018E06D0D00D2BCCE /* Supporting Files */,
			);
			path = chatviewTests;
			sourceTree = "<group>";
		};
		46EDAD9018E06D0D00D2BCCE /* Supporting Files */ = {
			isa = PBXGroup;
			children = (
				46EDAD9118E06D0D00D2BCCE /* chatviewTests-Info.plist */,
				46EDAD9218E06D0D00D2BCCE /* InfoPlist.strings */,
			);
			name = "Supporting Files";
			sourceTree = "<group>";
		};
/* End PBXGroup section */

/* Begin PBXNativeTarget section */
		46EDAD6618E06D0D00D2BCCE /* chatview */ = {
			isa = PBXNativeTarget;
			buildConfigurationList = 46EDAD9918E06D0D00D2BCCE /* Build configuration list for PBXNativeTarget "chatview" */;
			buildPhases = (
				46EDAD6318E06D0D00D2BCCE /* Sources */,
				46EDAD6418E06D0D00D2BCCE /* Frameworks */,
				46EDAD6518E06D0D00D2BCCE /* Resources */,
			);
			buildRules = (
			);
			dependencies = (
			);
			name = chatview;
			productName = chatview;
			productReference = 46EDAD6718E06D0D00D2BCCE /* chatview.app */;
			productType = "com.apple.product-type.application";
		};
		46EDAD8718E06D0D00D2BCCE /* chatviewTests */ = {
			isa = PBXNativeTarget;
			buildConfigurationList = 46EDAD9C18E06D0D00D2BCCE /* Build configuration list for PBXNativeTarget "chatviewTests" */;
			buildPhases = (
				46EDAD8418E06D0D00D2BCCE /* Sources */,
				46EDAD8518E06D0D00D2BCCE /* Frameworks */,
				46EDAD8618E06D0D00D2BCCE /* Resources */,
			);
			buildRules = (
			);
			dependencies = (
				46EDAD8E18E06D0D00D2BCCE /* PBXTargetDependency */,
			);
			name = chatviewTests;
			productName = chatviewTests;
			productReference = 46EDAD8818E06D0D00D2BCCE /* chatviewTests.xctest */;
			productType = "com.apple.product-type.bundle.unit-test";
		};
/* End PBXNativeTarget section */

/* Begin PBXProject section */
		46EDAD5F18E06D0D00D2BCCE /* Project object */ = {
			isa = PBXProject;
			attributes = {
				LastUpgradeCheck = 0510;
				ORGANIZATIONNAME = vikaa;
				TargetAttributes = {
					46EDAD8718E06D0D00D2BCCE = {
						TestTargetID = 46EDAD6618E06D0D00D2BCCE;
					};
				};
			};
			buildConfigurationList = 46EDAD6218E06D0D00D2BCCE /* Build configuration list for PBXProject "chatview" */;
			compatibilityVersion = "Xcode 3.2";
			developmentRegion = English;
			hasScannedForEncodings = 0;
			knownRegions = (
				en,
				Base,
			);
			mainGroup = 46EDAD5E18E06D0D00D2BCCE;
			productRefGroup = 46EDAD6818E06D0D00D2BCCE /* Products */;
			projectDirPath = "";
			projectRoot = "";
			targets = (
				46EDAD6618E06D0D00D2BCCE /* chatview */,
				46EDAD8718E06D0D00D2BCCE /* chatviewTests */,
			);
		};
/* End PBXProject section */

/* Begin PBXResourcesBuildPhase section */
		46EDAD6518E06D0D00D2BCCE /* Resources */ = {
			isa = PBXResourcesBuildPhase;
			buildActionMask = 2147483647;
			files = (
				469E100318E3F91F0093573F /* button-photo.png in Resources */,
				469E100218E3F91F0093573F /* send-button@2x.png in Resources */,
				469E0FF618E3F91F0093573F /* bubble-stroked@2x.png in Resources */,
				469E0FE018E3F91F0093573F /* bubble-classic-green@2x.png in Resources */,
				469E100718E3F91F0093573F /* message-received.aiff in Resources */,
				469E0FE318E3F91F0093573F /* bubble-classic-typing.png in Resources */,
				469E0FDB18E3F91F0093573F /* bubble-classic-blue.png in Resources */,
				469E0FFE18E3F91F0093573F /* input-field-cover@2x.png in Resources */,
				469E0FF218E3F91F0093573F /* bubble-min@2x.png in Resources */,
				469E0FFF18E3F91F0093573F /* send-button-pressed.png in Resources */,
				469E0FD918E3F91F0093573F /* avatar-placeholder.png in Resources */,
				469E0FE918E3F91F0093573F /* bubble-classic-square-selected.png in Resources */,
				469E0FE118E3F91F0093573F /* bubble-classic-selected.png in Resources */,
				469E0FDA18E3F91F0093573F /* avatar-placeholder@2x.png in Resources */,
				469E100018E3F91F0093573F /* send-button-pressed@2x.png in Resources */,
				469E0FEB18E3F91F0093573F /* ReceiverTextNodeBkg@2x.png in Resources */,
				46EDAD8318E06D0D00D2BCCE /* Images.xcassets in Resources */,
				46EDAD7518E06D0D00D2BCCE /* InfoPlist.strings in Resources */,
				469E0FF118E3F91F0093573F /* bubble-min.png in Resources */,
				469E0FFD18E3F91F0093573F /* input-field-cover.png in Resources */,
				469E0FDD18E3F91F0093573F /* bubble-classic-gray.png in Resources */,
				469E0FF318E3F91F0093573F /* bubble-stroked-tailless.png in Resources */,
				469E0FEC18E3F91F0093573F /* ReceiverTextNodeBkgHL@2x.png in Resources */,
				469E0FE418E3F91F0093573F /* bubble-classic-typing@2x.png in Resources */,
				469E0FFA18E3F91F0093573F /* bubble@2x.png in Resources */,
				46EDAD7E18E06D0D00D2BCCE /* Main.storyboard in Resources */,
				469E0FDE18E3F91F0093573F /* bubble-classic-gray@2x.png in Resources */,
				469E0FFB18E3F91F0093573F /* input-bar-background.png in Resources */,
				469E100618E3F91F0093573F /* input-bar-flat@2x.png in Resources */,
				469E100818E3F91F0093573F /* message-sent.aiff in Resources */,
				469E0FEF18E3F91F0093573F /* bubble-min-tailless.png in Resources */,
				469E0FF718E3F91F0093573F /* bubble-tailless.png in Resources */,
				469E0FDF18E3F91F0093573F /* bubble-classic-green.png in Resources */,
				469E0FE618E3F91F0093573F /* bubble-classic-square-blue@2x.png in Resources */,
				469E0FEA18E3F91F0093573F /* bubble-classic-square-selected@2x.png in Resources */,
				469E0FF418E3F91F0093573F /* bubble-stroked-tailless@2x.png in Resources */,
				469E0FE818E3F91F0093573F /* bubble-classic-square-gray@2x.png in Resources */,
				469E0FE718E3F91F0093573F /* bubble-classic-square-gray.png in Resources */,
				469E0FF018E3F91F0093573F /* bubble-min-tailless@2x.png in Resources */,
				469E0FF518E3F91F0093573F /* bubble-stroked.png in Resources */,
				469E0FF918E3F91F0093573F /* bubble.png in Resources */,
				469E0FFC18E3F91F0093573F /* input-bar-background@2x.png in Resources */,
				469E0FEE18E3F91F0093573F /* SenderTextNodeBkgHL@2x.png in Resources */,
				469E100418E3F91F0093573F /* button-photo@2x.png in Resources */,
				469E0FE218E3F91F0093573F /* bubble-classic-selected@2x.png in Resources */,
				469E0FF818E3F91F0093573F /* bubble-tailless@2x.png in Resources */,
				469E100518E3F91F0093573F /* input-bar-flat.png in Resources */,
				469E0FED18E3F91F0093573F /* SenderTextNodeBkg@2x.png in Resources */,
				469E100118E3F91F0093573F /* send-button.png in Resources */,
				469E0FDC18E3F91F0093573F /* bubble-classic-blue@2x.png in Resources */,
				469E0FE518E3F91F0093573F /* bubble-classic-square-blue.png in Resources */,
			);
			runOnlyForDeploymentPostprocessing = 0;
		};
		46EDAD8618E06D0D00D2BCCE /* Resources */ = {
			isa = PBXResourcesBuildPhase;
			buildActionMask = 2147483647;
			files = (
				46EDAD9418E06D0D00D2BCCE /* InfoPlist.strings in Resources */,
			);
			runOnlyForDeploymentPostprocessing = 0;
		};
/* End PBXResourcesBuildPhase section */

/* Begin PBXSourcesBuildPhase section */
		46EDAD6318E06D0D00D2BCCE /* Sources */ = {
			isa = PBXSourcesBuildPhase;
			buildActionMask = 2147483647;
			files = (
				469E0FD018E3F91F0093573F /* JSBubbleMessageCell.m in Sources */,
				469E0FCE18E3F91F0093573F /* JSAvatarImageFactory.m in Sources */,
				469E0FD518E3F91F0093573F /* JSMessageSoundEffect.m in Sources */,
				469E0FD218E3F91F0093573F /* JSDismissiveTextView.m in Sources */,
				469E0FD818E3F91F0093573F /* JSMessageTextView.m in Sources */,
				469E0FD118E3F91F0093573F /* JSBubbleView.m in Sources */,
				46EDAD8118E06D0D00D2BCCE /* ViewController.m in Sources */,
				469E0FCC18E3F91F0093573F /* UIColor+JSMessagesView.m in Sources */,
				469E0FD418E3F91F0093573F /* JSMessageInputView.m in Sources */,
				469E0FCF18E3F91F0093573F /* JSBubbleImageViewFactory.m in Sources */,
				469E0FD618E3F91F0093573F /* JSMessagesViewController.m in Sources */,
				469E0FD318E3F91F0093573F /* JSMessage.m in Sources */,
				46EDAE3118E06E4C00D2BCCE /* ChattingViewController.m in Sources */,
				469E0FCD18E3F91F0093573F /* UIImage+JSMessagesView.m in Sources */,
				469E0FD718E3F91F0093573F /* JSMessageTableView.m in Sources */,
				46EDAD7B18E06D0D00D2BCCE /* AppDelegate.m in Sources */,
				469E0FCB18E3F91F0093573F /* NSString+JSMessagesView.m in Sources */,
				46EDAD7718E06D0D00D2BCCE /* main.m in Sources */,
				469E100E18E3F94D0093573F /* UIView+Utils.m in Sources */,
				469E100B18E3F93A0093573F /* MoreCell.m in Sources */,
			);
			runOnlyForDeploymentPostprocessing = 0;
		};
		46EDAD8418E06D0D00D2BCCE /* Sources */ = {
			isa = PBXSourcesBuildPhase;
			buildActionMask = 2147483647;
			files = (
				46EDAD9618E06D0D00D2BCCE /* chatviewTests.m in Sources */,
			);
			runOnlyForDeploymentPostprocessing = 0;
		};
/* End PBXSourcesBuildPhase section */

/* Begin PBXTargetDependency section */
		46EDAD8E18E06D0D00D2BCCE /* PBXTargetDependency */ = {
			isa = PBXTargetDependency;
			target = 46EDAD6618E06D0D00D2BCCE /* chatview */;
			targetProxy = 46EDAD8D18E06D0D00D2BCCE /* PBXContainerItemProxy */;
		};
/* End PBXTargetDependency section */

/* Begin PBXVariantGroup section */
		46EDAD7318E06D0D00D2BCCE /* InfoPlist.strings */ = {
			isa = PBXVariantGroup;
			children = (
				46EDAD7418E06D0D00D2BCCE /* en */,
			);
			name = InfoPlist.strings;
			sourceTree = "<group>";
		};
		46EDAD7C18E06D0D00D2BCCE /* Main.storyboard */ = {
			isa = PBXVariantGroup;
			children = (
				46EDAD7D18E06D0D00D2BCCE /* Base */,
			);
			name = Main.storyboard;
			sourceTree = "<group>";
		};
		46EDAD9218E06D0D00D2BCCE /* InfoPlist.strings */ = {
			isa = PBXVariantGroup;
			children = (
				46EDAD9318E06D0D00D2BCCE /* en */,
			);
			name = InfoPlist.strings;
			sourceTree = "<group>";
		};
/* End PBXVariantGroup section */

/* Begin XCBuildConfiguration section */
		46EDAD9718E06D0D00D2BCCE /* Debug */ = {
			isa = XCBuildConfiguration;
			buildSettings = {
				ALWAYS_SEARCH_USER_PATHS = NO;
				CLANG_CXX_LANGUAGE_STANDARD = "gnu++0x";
				CLANG_CXX_LIBRARY = "libc++";
				CLANG_ENABLE_MODULES = YES;
				CLANG_ENABLE_OBJC_ARC = YES;
				CLANG_WARN_BOOL_CONVERSION = YES;
				CLANG_WARN_CONSTANT_CONVERSION = YES;
				CLANG_WARN_DIRECT_OBJC_ISA_USAGE = YES_ERROR;
				CLANG_WARN_EMPTY_BODY = YES;
				CLANG_WARN_ENUM_CONVERSION = YES;
				CLANG_WARN_INT_CONVERSION = YES;
				CLANG_WARN_OBJC_ROOT_CLASS = YES_ERROR;
				CLANG_WARN__DUPLICATE_METHOD_MATCH = YES;
				"CODE_SIGN_IDENTITY[sdk=iphoneos*]" = "iPhone Developer";
				COPY_PHASE_STRIP = NO;
				GCC_C_LANGUAGE_STANDARD = gnu99;
				GCC_DYNAMIC_NO_PIC = NO;
				GCC_OPTIMIZATION_LEVEL = 0;
				GCC_PREPROCESSOR_DEFINITIONS = (
					"DEBUG=1",
					"$(inherited)",
				);
				GCC_SYMBOLS_PRIVATE_EXTERN = NO;
				GCC_WARN_64_TO_32_BIT_CONVERSION = YES;
				GCC_WARN_ABOUT_RETURN_TYPE = YES_ERROR;
				GCC_WARN_UNDECLARED_SELECTOR = YES;
				GCC_WARN_UNINITIALIZED_AUTOS = YES_AGGRESSIVE;
				GCC_WARN_UNUSED_FUNCTION = YES;
				GCC_WARN_UNUSED_VARIABLE = YES;
				IPHONEOS_DEPLOYMENT_TARGET = 7.1;
				ONLY_ACTIVE_ARCH = YES;
				SDKROOT = iphoneos;
			};
			name = Debug;
		};
		46EDAD9818E06D0D00D2BCCE /* Release */ = {
			isa = XCBuildConfiguration;
			buildSettings = {
				ALWAYS_SEARCH_USER_PATHS = NO;
				CLANG_CXX_LANGUAGE_STANDARD = "gnu++0x";
				CLANG_CXX_LIBRARY = "libc++";
				CLANG_ENABLE_MODULES = YES;
				CLANG_ENABLE_OBJC_ARC = YES;
				CLANG_WARN_BOOL_CONVERSION = YES;
				CLANG_WARN_CONSTANT_CONVERSION = YES;
				CLANG_WARN_DIRECT_OBJC_ISA_USAGE = YES_ERROR;
				CLANG_WARN_EMPTY_BODY = YES;
				CLANG_WARN_ENUM_CONVERSION = YES;
				CLANG_WARN_INT_CONVERSION = YES;
				CLANG_WARN_OBJC_ROOT_CLASS = YES_ERROR;
				CLANG_WARN__DUPLICATE_METHOD_MATCH = YES;
				"CODE_SIGN_IDENTITY[sdk=iphoneos*]" = "iPhone Developer";
				COPY_PHASE_STRIP = YES;
				ENABLE_NS_ASSERTIONS = NO;
				GCC_C_LANGUAGE_STANDARD = gnu99;
				GCC_WARN_64_TO_32_BIT_CONVERSION = YES;
				GCC_WARN_ABOUT_RETURN_TYPE = YES_ERROR;
				GCC_WARN_UNDECLARED_SELECTOR = YES;
				GCC_WARN_UNINITIALIZED_AUTOS = YES_AGGRESSIVE;
				GCC_WARN_UNUSED_FUNCTION = YES;
				GCC_WARN_UNUSED_VARIABLE = YES;
				IPHONEOS_DEPLOYMENT_TARGET = 7.1;
				SDKROOT = iphoneos;
				VALIDATE_PRODUCT = YES;
			};
			name = Release;
		};
		46EDAD9A18E06D0D00D2BCCE /* Debug */ = {
			isa = XCBuildConfiguration;
			buildSettings = {
				ASSETCATALOG_COMPILER_APPICON_NAME = AppIcon;
				ASSETCATALOG_COMPILER_LAUNCHIMAGE_NAME = LaunchImage;
				GCC_PRECOMPILE_PREFIX_HEADER = YES;
				GCC_PREFIX_HEADER = "chatview/chatview-Prefix.pch";
				INFOPLIST_FILE = "chatview/chatview-Info.plist";
				PRODUCT_NAME = "$(TARGET_NAME)";
				WRAPPER_EXTENSION = app;
			};
			name = Debug;
		};
		46EDAD9B18E06D0D00D2BCCE /* Release */ = {
			isa = XCBuildConfiguration;
			buildSettings = {
				ASSETCATALOG_COMPILER_APPICON_NAME = AppIcon;
				ASSETCATALOG_COMPILER_LAUNCHIMAGE_NAME = LaunchImage;
				GCC_PRECOMPILE_PREFIX_HEADER = YES;
				GCC_PREFIX_HEADER = "chatview/chatview-Prefix.pch";
				INFOPLIST_FILE = "chatview/chatview-Info.plist";
				PRODUCT_NAME = "$(TARGET_NAME)";
				WRAPPER_EXTENSION = app;
			};
			name = Release;
		};
		46EDAD9D18E06D0D00D2BCCE /* Debug */ = {
			isa = XCBuildConfiguration;
			buildSettings = {
				BUNDLE_LOADER = "$(BUILT_PRODUCTS_DIR)/chatview.app/chatview";
				FRAMEWORK_SEARCH_PATHS = (
					"$(SDKROOT)/Developer/Library/Frameworks",
					"$(inherited)",
					"$(DEVELOPER_FRAMEWORKS_DIR)",
				);
				GCC_PRECOMPILE_PREFIX_HEADER = YES;
				GCC_PREFIX_HEADER = "chatview/chatview-Prefix.pch";
				GCC_PREPROCESSOR_DEFINITIONS = (
					"DEBUG=1",
					"$(inherited)",
				);
				INFOPLIST_FILE = "chatviewTests/chatviewTests-Info.plist";
				PRODUCT_NAME = "$(TARGET_NAME)";
				TEST_HOST = "$(BUNDLE_LOADER)";
				WRAPPER_EXTENSION = xctest;
			};
			name = Debug;
		};
		46EDAD9E18E06D0D00D2BCCE /* Release */ = {
			isa = XCBuildConfiguration;
			buildSettings = {
				BUNDLE_LOADER = "$(BUILT_PRODUCTS_DIR)/chatview.app/chatview";
				FRAMEWORK_SEARCH_PATHS = (
					"$(SDKROOT)/Developer/Library/Frameworks",
					"$(inherited)",
					"$(DEVELOPER_FRAMEWORKS_DIR)",
				);
				GCC_PRECOMPILE_PREFIX_HEADER = YES;
				GCC_PREFIX_HEADER = "chatview/chatview-Prefix.pch";
				INFOPLIST_FILE = "chatviewTests/chatviewTests-Info.plist";
				PRODUCT_NAME = "$(TARGET_NAME)";
				TEST_HOST = "$(BUNDLE_LOADER)";
				WRAPPER_EXTENSION = xctest;
			};
			name = Release;
		};
/* End XCBuildConfiguration section */

/* Begin XCConfigurationList section */
		46EDAD6218E06D0D00D2BCCE /* Build configuration list for PBXProject "chatview" */ = {
			isa = XCConfigurationList;
			buildConfigurations = (
				46EDAD9718E06D0D00D2BCCE /* Debug */,
				46EDAD9818E06D0D00D2BCCE /* Release */,
			);
			defaultConfigurationIsVisible = 0;
			defaultConfigurationName = Release;
		};
		46EDAD9918E06D0D00D2BCCE /* Build configuration list for PBXNativeTarget "chatview" */ = {
			isa = XCConfigurationList;
			buildConfigurations = (
				46EDAD9A18E06D0D00D2BCCE /* Debug */,
				46EDAD9B18E06D0D00D2BCCE /* Release */,
			);
			defaultConfigurationIsVisible = 0;
			defaultConfigurationName = Release;
		};
		46EDAD9C18E06D0D00D2BCCE /* Build configuration list for PBXNativeTarget "chatviewTests" */ = {
			isa = XCConfigurationList;
			buildConfigurations = (
				46EDAD9D18E06D0D00D2BCCE /* Debug */,
				46EDAD9E18E06D0D00D2BCCE /* Release */,
			);
			defaultConfigurationIsVisible = 0;
			defaultConfigurationName = Release;
		};
/* End XCConfigurationList section */
	};
	rootObject = 46EDAD5F18E06D0D00D2BCCE /* Project object */;
}
